
Microsoft Visual Studio Solution File, Format Version 12.00
# Visual Studio 15
VisualStudioVersion = 15.0.27428.2005
MinimumVisualStudioVersion = 10.0.40219.1
Project("{2150E333-8FDC-42A3-9474-1A3956D46DE8}") = "Android3", "Android3", "{EE68495E-11C3-4E21-8E87-5A8F6FC3D56D}"
EndProject
Project("{39E2626F-3545-4960-A6E8-258AD8476CE5}") = "Android3.Packaging", "Android3\Android3.Packaging\Android3.Packaging.androidproj", "{BCFB3366-D5E7-49ED-95BA-B249614F8CB4}"
EndProject
Project("{8BC9CEB8-8B4A-11D0-8D11-00A0C91BC942}") = "Android3.NativeActivity", "Android3\Android3.NativeActivity\Android3.NativeActivity.vcxproj", "{7105865A-44CE-492E-ABEA-3D991B04E6D2}"
EndProject
Global
	GlobalSection(SolutionConfigurationPlatforms) = preSolution
		Debug|ARM = Debug|ARM
		Debug|ARM64 = Debug|ARM64
		Debug|x64 = Debug|x64
		Debug|x86 = Debug|x86
		Release|ARM = Release|ARM
		Release|ARM64 = Release|ARM64
		Release|x64 = Release|x64
		Release|x86 = Release|x86
	EndGlobalSection
	GlobalSection(ProjectConfigurationPlatforms) = postSolution
		{BCFB3366-D5E7-49ED-95BA-B249614F8CB4}.Debug|ARM.ActiveCfg = Debug|ARM
		{BCFB3366-D5E7-49ED-95BA-B249614F8CB4}.Debug|ARM.Build.0 = Debug|ARM
		{BCFB3366-D5E7-49ED-95BA-B249614F8CB4}.Debug|ARM.Deploy.0 = Debug|ARM
		{BCFB3366-D5E7-49ED-95BA-B249614F8CB4}.Debug|ARM64.ActiveCfg = Debug|ARM64
		{BCFB3366-D5E7-49ED-95BA-B249614F8CB4}.Debug|ARM64.Build.0 = Debug|ARM64
		{BCFB3366-D5E7-49ED-95BA-B249614F8CB4}.Debug|ARM64.Deploy.0 = Debug|ARM64
		{BCFB3366-D5E7-49ED-95BA-B249614F8CB4}.Debug|x64.ActiveCfg = Debug|x64
		{BCFB3366-D5E7-49ED-95BA-B249614F8CB4}.Debug|x64.Build.0 = Debug|x64
		{BCFB3366-D5E7-49ED-95BA-B249614F8CB4}.Debug|x64.Deploy.0 = Debug|x64
		{BCFB3366-D5E7-49ED-95BA-B249614F8CB4}.Debug|x86.ActiveCfg = Debug|x86
		{BCFB3366-D5E7-49ED-95BA-B249614F8CB4}.Debug|x86.Build.0 = Debug|x86
		{BCFB3366-D5E7-49ED-95BA-B249614F8CB4}.Debug|x86.Deploy.0 = Debug|x86
		{BCFB3366-D5E7-49ED-95BA-B249614F8CB4}.Release|ARM.ActiveCfg = Release|ARM
		{BCFB3366-D5E7-49ED-95BA-B249614F8CB4}.Release|ARM.Build.0 = Release|ARM
		{BCFB3366-D5E7-49ED-95BA-B249614F8CB4}.Release|ARM.Deploy.0 = Release|ARM
		{BCFB3366-D5E7-49ED-95BA-B249614F8CB4}.Release|ARM64.ActiveCfg = Release|ARM64
		{BCFB3366-D5E7-49ED-95BA-B249614F8CB4}.Release|ARM64.Build.0 = Release|ARM64
		{BCFB3366-D5E7-49ED-95BA-B249614F8CB4}.Release|ARM64.Deploy.0 = Release|ARM64
		{BCFB3366-D5E7-49ED-95BA-B249614F8CB4}.Release|x64.ActiveCfg = Release|x64
		{BCFB3366-D5E7-49ED-95BA-B249614F8CB4}.Release|x64.Build.0 = Release|x64
		{BCFB3366-D5E7-49ED-95BA-B249614F8CB4}.Release|x64.Deploy.0 = Release|x64
		{BCFB3366-D5E7-49ED-95BA-B249614F8CB4}.Release|x86.ActiveCfg = Release|x86
		{BCFB3366-D5E7-49ED-95BA-B249614F8CB4}.Release|x86.Build.0 = Release|x86
		{BCFB3366-D5E7-49ED-95BA-B249614F8CB4}.Release|x86.Deploy.0 = Release|x86
		{7105865A-44CE-492E-ABEA-3D991B04E6D2}.Debug|ARM.ActiveCfg = Debug|ARM
		{7105865A-44CE-492E-ABEA-3D991B04E6D2}.Debug|ARM.Build.0 = Debug|ARM
		{7105865A-44CE-492E-ABEA-3D991B04E6D2}.Debug|ARM64.ActiveCfg = Debug|ARM64
		{7105865A-44CE-492E-ABEA-3D991B04E6D2}.Debug|ARM64.Build.0 = Debug|ARM64
		{7105865A-44CE-492E-ABEA-3D991B04E6D2}.Debug|x64.ActiveCfg = Debug|x64
		{7105865A-44CE-492E-ABEA-3D991B04E6D2}.Debug|x64.Build.0 = Debug|x64
		{7105865A-44CE-492E-ABEA-3D991B04E6D2}.Debug|x86.ActiveCfg = Debug|x86
		{7105865A-44CE-492E-ABEA-3D991B04E6D2}.Debug|x86.Build.0 = Debug|x86
		{7105865A-44CE-492E-ABEA-3D991B04E6D2}.Release|ARM.ActiveCfg = Release|ARM
		{7105865A-44CE-492E-ABEA-3D991B04E6D2}.Release|ARM.Build.0 = Release|ARM
		{7105865A-44CE-492E-ABEA-3D991B04E6D2}.Release|ARM64.ActiveCfg = Release|ARM64
		{7105865A-44CE-492E-ABEA-3D991B04E6D2}.Release|ARM64.Build.0 = Release|ARM64
		{7105865A-44CE-492E-ABEA-3D991B04E6D2}.Release|x64.ActiveCfg = Release|x64
		{7105865A-44CE-492E-ABEA-3D991B04E6D2}.Release|x64.Build.0 = Release|x64
		{7105865A-44CE-492E-ABEA-3D991B04E6D2}.Release|x86.ActiveCfg = Release|x86
		{7105865A-44CE-492E-ABEA-3D991B04E6D2}.Release|x86.Build.0 = Release|x86
	EndGlobalSection
	GlobalSection(SolutionProperties) = preSolution
		HideSolutionNode = FALSE
	EndGlobalSection
	GlobalSection(NestedProjects) = preSolution
		{BCFB3366-D5E7-49ED-95BA-B249614F8CB4} = {EE68495E-11C3-4E21-8E87-5A8F6FC3D56D}
		{7105865A-44CE-492E-ABEA-3D991B04E6D2} = {EE68495E-11C3-4E21-8E87-5A8F6FC3D56D}
	EndGlobalSection
	GlobalSection(ExtensibilityGlobals) = postSolution
		SolutionGuid = {9D9ADCB3-EA1B-4394-9F16-0C276EB77307}
	EndGlobalSection
EndGlobal
